
Microsoft Visual Studio Solution File, Format Version 12.00
# Visual Studio Version 17
VisualStudioVersion = 17.5.33627.172
MinimumVisualStudioVersion = 10.0.40219.1
Project("{9A19103F-16F7-4668-BE54-9A1E7A4F7556}") = "ProjetoIntegrador", "ProjetoIntegrador\ProjetoIntegrador.csproj", "{2326F4B1-E504-4C51-B519-0E71E9C9BDD8}"
EndProject
Global
	GlobalSection(SolutionConfigurationPlatforms) = preSolution
		Debug|Any CPU = Debug|Any CPU
		Release|Any CPU = Release|Any CPU
	EndGlobalSection
	GlobalSection(ProjectConfigurationPlatforms) = postSolution
		{2326F4B1-E504-4C51-B519-0E71E9C9BDD8}.Debug|Any CPU.ActiveCfg = Debug|Any CPU
		{2326F4B1-E504-4C51-B519-0E71E9C9BDD8}.Debug|Any CPU.Build.0 = Debug|Any CPU
		{2326F4B1-E504-4C51-B519-0E71E9C9BDD8}.Release|Any CPU.ActiveCfg = Release|Any CPU
		{2326F4B1-E504-4C51-B519-0E71E9C9BDD8}.Release|Any CPU.Build.0 = Release|Any CPU
	EndGlobalSection
	GlobalSection(SolutionProperties) = preSolution
		HideSolutionNode = FALSE
	EndGlobalSection
	GlobalSection(ExtensibilityGlobals) = postSolution
		SolutionGuid = {6C3B32E0-707D-499F-83A3-EEB8AECB1ADE}
	EndGlobalSection
EndGlobal
